# THIS IS AN AUTOGENERATED FILE. DO NOT EDIT THIS FILE DIRECTLY.
# yarn lockfile v1


"@angular/common@^4.2.5":
  version "4.2.5"
  resolved "https://registry.yarnpkg.com/@angular/common/-/common-4.2.5.tgz#4d50a95b444cd58cf706f0da9dd1407d3b83362e"
  dependencies:
    tslib "^1.7.1"

"@angular/compiler-cli@^4.2.5":
  version "4.2.5"
  resolved "https://registry.yarnpkg.com/@angular/compiler-cli/-/compiler-cli-4.2.5.tgz#3b396d65ade8380f371201d4361fc962a49ac76a"
  dependencies:
    "@angular/tsc-wrapped" "4.2.5"
    minimist "^1.2.0"
    reflect-metadata "^0.1.2"

"@angular/compiler@^4.2.5":
  version "4.2.5"
  resolved "https://registry.yarnpkg.com/@angular/compiler/-/compiler-4.2.5.tgz#b48674c7456b2b0df1072d70e4e667af86cddf83"
  dependencies:
    tslib "^1.7.1"

"@angular/core@^4.2.5":
  version "4.2.5"
  resolved "https://registry.yarnpkg.com/@angular/core/-/core-4.2.5.tgz#61c1b5885c262332d737fbe0f5d71151759a8464"
  dependencies:
    tslib "^1.7.1"

"@angular/forms@^4.2.5":
  version "4.2.5"
  resolved "https://registry.yarnpkg.com/@angular/forms/-/forms-4.2.5.tgz#a7e55c8d1f5a4e8537efe1edd7834e4a1f59c6e4"
  dependencies:
    tslib "^1.7.1"

"@angular/http@^4.2.5":
  version "4.2.5"
  resolved "https://registry.yarnpkg.com/@angular/http/-/http-4.2.5.tgz#3fff8e5cf8e88262bacd1c996304312c3c5a3aef"
  dependencies:
    tslib "^1.7.1"

"@angular/platform-browser-dynamic@^4.2.5":
  version "4.2.5"
  resolved "https://registry.yarnpkg.com/@angular/platform-browser-dynamic/-/platform-browser-dynamic-4.2.5.tgz#8076ec4a885cc3a1a23c5e540c40a7fdd3f7e7b2"
  dependencies:
    tslib "^1.7.1"

"@angular/platform-browser@^4.2.5":
  version "4.2.5"
  resolved "https://registry.yarnpkg.com/@angular/platform-browser/-/platform-browser-4.2.5.tgz#d9ddfe0f81084e98ef24a79f485dbb112e78a0c4"
  dependencies:
    tslib "^1.7.1"

"@angular/platform-server@^4.2.5":
  version "4.2.5"
  resolved "https://registry.yarnpkg.com/@angular/platform-server/-/platform-server-4.2.5.tgz#d4e3d7e87d0a770615ddc4abd1c7c07554496079"
  dependencies:
    parse5 "^3.0.1"
    tslib "^1.7.1"
    xhr2 "^0.1.4"

"@angular/tsc-wrapped@4.2.5":
  version "4.2.5"
  resolved "https://registry.yarnpkg.com/@angular/tsc-wrapped/-/tsc-wrapped-4.2.5.tgz#0a2fc233061780d2be402996187878c27838b7e3"
  dependencies:
    tsickle "^0.21.0"

"@ionic/storage@^2.0.1":
  version "2.0.1"
  resolved "https://registry.yarnpkg.com/@ionic/storage/-/storage-2.0.1.tgz#bb1a8c276007d008d7acdda426b56065b0fd3c0b"
  dependencies:
    "@types/localforage" "0.0.30"
    localforage "~1.4.2"
    localforage-cordovasqlitedriver "~1.5.0"

"@types/localforage@0.0.30":
  version "0.0.30"
  resolved "https://registry.yarnpkg.com/@types/localforage/-/localforage-0.0.30.tgz#3d60a6bf6dda38e3f8a469611598379f1f649509"

"@types/meteor-accounts-phone@^0.0.5":
  version "0.0.5"
  resolved "https://registry.yarnpkg.com/@types/meteor-accounts-phone/-/meteor-accounts-phone-0.0.5.tgz#6f7cb9e5c9280d634200c4ed303fb0836080a802"

"@types/meteor@^1.4.2":
  version "1.4.2"
  resolved "https://registry.yarnpkg.com/@types/meteor/-/meteor-1.4.2.tgz#a31381b6dad0fb6b6d60336c1582aeedb6352725"

"@types/node@^6.0.46":
  version "6.0.79"
  resolved "https://registry.yarnpkg.com/@types/node/-/node-6.0.79.tgz#5efe7d4a6d8c453c7e9eaf55d931f4a22fac5169"

"@types/underscore@^1.8.1":
  version "1.8.1"
  resolved "https://registry.yarnpkg.com/@types/underscore/-/underscore-1.8.1.tgz#bf5d680f24277284d4e42fed86bd86e5a59a44a4"

Base64@~0.2.0:
  version "0.2.1"
  resolved "https://registry.yarnpkg.com/Base64/-/Base64-0.2.1.tgz#ba3a4230708e186705065e66babdd4c35cf60028"

acorn@^1.0.3:
  version "1.2.2"
  resolved "https://registry.yarnpkg.com/acorn/-/acorn-1.2.2.tgz#c8ce27de0acc76d896d2b1fad3df588d9e82f014"

amdefine@>=0.0.4:
  version "1.0.1"
  resolved "https://registry.yarnpkg.com/amdefine/-/amdefine-1.0.1.tgz#4a5282ac164729e93619bcfd3ad151f817ce91f5"

asn1.js@^4.0.0:
  version "4.9.1"
  resolved "https://registry.yarnpkg.com/asn1.js/-/asn1.js-4.9.1.tgz#48ba240b45a9280e94748990ba597d216617fd40"
  dependencies:
    bn.js "^4.0.0"
    inherits "^2.0.1"
    minimalistic-assert "^1.0.0"

assert@^1.4.1:
  version "1.4.1"
  resolved "https://registry.yarnpkg.com/assert/-/assert-1.4.1.tgz#99912d591836b5a6f5b345c0f07eefc08fc65d91"
  dependencies:
    util "0.10.3"

ast-types@0.8.15:
  version "0.8.15"
  resolved "https://registry.yarnpkg.com/ast-types/-/ast-types-0.8.15.tgz#8eef0827f04dff0ec8857ba925abe3fea6194e52"

babel-runtime@^6.20.0:
  version "6.23.0"
  resolved "https://registry.yarnpkg.com/babel-runtime/-/babel-runtime-6.23.0.tgz#0a9489f144de70efb3ce4300accdb329e2fc543b"
  dependencies:
    core-js "^2.4.0"
    regenerator-runtime "^0.10.0"

base62@0.1.1:
  version "0.1.1"
  resolved "https://registry.yarnpkg.com/base62/-/base62-0.1.1.tgz#7b4174c2f94449753b11c2651c083da841a7b084"

base64-js@^1.0.2:
  version "1.2.1"
  resolved "https://registry.yarnpkg.com/base64-js/-/base64-js-1.2.1.tgz#a91947da1f4a516ea38e5b4ec0ec3773675e0886"

bn.js@^4.0.0, bn.js@^4.1.0, bn.js@^4.1.1, bn.js@^4.4.0:
  version "4.11.7"
  resolved "https://registry.yarnpkg.com/bn.js/-/bn.js-4.11.7.tgz#ddb048e50d9482790094c13eb3fcfc833ce7ab46"

brorand@^1.0.1:
  version "1.1.0"
  resolved "https://registry.yarnpkg.com/brorand/-/brorand-1.1.0.tgz#12c25efe40a45e3c323eb8675a0a0ce57b22371f"

browserify-aes@^1.0.0, browserify-aes@^1.0.4:
  version "1.0.6"
  resolved "https://registry.yarnpkg.com/browserify-aes/-/browserify-aes-1.0.6.tgz#5e7725dbdef1fd5930d4ebab48567ce451c48a0a"
  dependencies:
    buffer-xor "^1.0.2"
    cipher-base "^1.0.0"
    create-hash "^1.1.0"
    evp_bytestokey "^1.0.0"
    inherits "^2.0.1"

browserify-cipher@^1.0.0:
  version "1.0.0"
  resolved "https://registry.yarnpkg.com/browserify-cipher/-/browserify-cipher-1.0.0.tgz#9988244874bf5ed4e28da95666dcd66ac8fc363a"
  dependencies:
    browserify-aes "^1.0.4"
    browserify-des "^1.0.0"
    evp_bytestokey "^1.0.0"

browserify-des@^1.0.0:
  version "1.0.0"
  resolved "https://registry.yarnpkg.com/browserify-des/-/browserify-des-1.0.0.tgz#daa277717470922ed2fe18594118a175439721dd"
  dependencies:
    cipher-base "^1.0.1"
    des.js "^1.0.0"
    inherits "^2.0.1"

browserify-rsa@^4.0.0:
  version "4.0.1"
  resolved "https://registry.yarnpkg.com/browserify-rsa/-/browserify-rsa-4.0.1.tgz#21e0abfaf6f2029cf2fafb133567a701d4135524"
  dependencies:
    bn.js "^4.1.0"
    randombytes "^2.0.1"

browserify-sign@^4.0.0:
  version "4.0.4"
  resolved "https://registry.yarnpkg.com/browserify-sign/-/browserify-sign-4.0.4.tgz#aa4eb68e5d7b658baa6bf6a57e630cbd7a93d298"
  dependencies:
    bn.js "^4.1.1"
    browserify-rsa "^4.0.0"
    create-hash "^1.1.0"
    create-hmac "^1.1.2"
    elliptic "^6.0.0"
    inherits "^2.0.1"
    parse-asn1 "^5.0.0"

browserify-zlib@^0.1.4:
  version "0.1.4"
  resolved "https://registry.yarnpkg.com/browserify-zlib/-/browserify-zlib-0.1.4.tgz#bb35f8a519f600e0fa6b8485241c979d0141fb2d"
  dependencies:
    pako "~0.2.0"

buffer-xor@^1.0.2:
  version "1.0.3"
  resolved "https://registry.yarnpkg.com/buffer-xor/-/buffer-xor-1.0.3.tgz#26e61ed1422fb70dd42e6e36729ed51d855fe8d9"

buffer@^4.9.1:
  version "4.9.1"
  resolved "https://registry.yarnpkg.com/buffer/-/buffer-4.9.1.tgz#6d1bb601b07a4efced97094132093027c95bc298"
  dependencies:
    base64-js "^1.0.2"
    ieee754 "^1.1.4"
    isarray "^1.0.0"

cipher-base@^1.0.0, cipher-base@^1.0.1, cipher-base@^1.0.3:
  version "1.0.3"
  resolved "https://registry.yarnpkg.com/cipher-base/-/cipher-base-1.0.3.tgz#eeabf194419ce900da3018c207d212f2a6df0a07"
  dependencies:
    inherits "^2.0.1"

console-browserify@^1.1.0:
  version "1.1.0"
  resolved "https://registry.yarnpkg.com/console-browserify/-/console-browserify-1.1.0.tgz#f0241c45730a9fc6323b206dbf38edc741d0bb10"
  dependencies:
    date-now "^0.1.4"

constants-browserify@^1.0.0:
  version "1.0.0"
  resolved "https://registry.yarnpkg.com/constants-browserify/-/constants-browserify-1.0.0.tgz#c20b96d8c617748aaf1c16021760cd27fcb8cb75"

cordova-plugin-console@1.0.5:
  version "1.0.5"
  resolved "https://registry.yarnpkg.com/cordova-plugin-console/-/cordova-plugin-console-1.0.5.tgz#f0e29aee9c03cab9e9d883b01d19f22ddd5c8570"

cordova-plugin-device@1.1.4:
  version "1.1.4"
  resolved "https://registry.yarnpkg.com/cordova-plugin-device/-/cordova-plugin-device-1.1.4.tgz#d5fe74712069d03f6d386ef0bd321b3abd0d38dc"

cordova-plugin-splashscreen@4.0.1:
  version "4.0.1"
  resolved "https://registry.yarnpkg.com/cordova-plugin-splashscreen/-/cordova-plugin-splashscreen-4.0.1.tgz#f5c25a794ed1068a9241c22a8cf74267a7bc69e6"

cordova-plugin-statusbar@2.2.1:
  version "2.2.1"
  resolved "https://registry.yarnpkg.com/cordova-plugin-statusbar/-/cordova-plugin-statusbar-2.2.1.tgz#b51c0e1aab2ba66edb77ce52bf2b93fc806c8c70"

cordova-plugin-whitelist@1.3.1:
  version "1.3.1"
  resolved "https://registry.yarnpkg.com/cordova-plugin-whitelist/-/cordova-plugin-whitelist-1.3.1.tgz#9fd1db7fd6c956951d34771cdcd97f66ced516df"

core-js@^2.4.0:
  version "2.4.1"
  resolved "https://registry.yarnpkg.com/core-js/-/core-js-2.4.1.tgz#4de911e667b0eae9124e34254b53aea6fc618d3e"

core-util-is@~1.0.0:
  version "1.0.2"
  resolved "https://registry.yarnpkg.com/core-util-is/-/core-util-is-1.0.2.tgz#b5fd54220aa2bc5ab57aab7140c940754503c1a7"

create-ecdh@^4.0.0:
  version "4.0.0"
  resolved "https://registry.yarnpkg.com/create-ecdh/-/create-ecdh-4.0.0.tgz#888c723596cdf7612f6498233eebd7a35301737d"
  dependencies:
    bn.js "^4.1.0"
    elliptic "^6.0.0"

create-hash@^1.1.0, create-hash@^1.1.1, create-hash@^1.1.2:
  version "1.1.3"
  resolved "https://registry.yarnpkg.com/create-hash/-/create-hash-1.1.3.tgz#606042ac8b9262750f483caddab0f5819172d8fd"
  dependencies:
    cipher-base "^1.0.1"
    inherits "^2.0.1"
    ripemd160 "^2.0.0"
    sha.js "^2.4.0"

create-hmac@^1.1.0, create-hmac@^1.1.2, create-hmac@^1.1.4:
  version "1.1.6"
  resolved "https://registry.yarnpkg.com/create-hmac/-/create-hmac-1.1.6.tgz#acb9e221a4e17bdb076e90657c42b93e3726cf06"
  dependencies:
    cipher-base "^1.0.3"
    create-hash "^1.1.0"
    inherits "^2.0.1"
    ripemd160 "^2.0.0"
    safe-buffer "^5.0.1"
    sha.js "^2.4.8"

crypto-browserify@^3.11.0:
  version "3.11.0"
  resolved "https://registry.yarnpkg.com/crypto-browserify/-/crypto-browserify-3.11.0.tgz#3652a0906ab9b2a7e0c3ce66a408e957a2485522"
  dependencies:
    browserify-cipher "^1.0.0"
    browserify-sign "^4.0.0"
    create-ecdh "^4.0.0"
    create-hash "^1.1.0"
    create-hmac "^1.1.0"
    diffie-hellman "^5.0.0"
    inherits "^2.0.1"
    pbkdf2 "^3.0.3"
    public-encrypt "^4.0.0"
    randombytes "^2.0.0"

date-now@^0.1.4:
  version "0.1.4"
  resolved "https://registry.yarnpkg.com/date-now/-/date-now-0.1.4.tgz#eaf439fd4d4848ad74e5cc7dbef200672b9e345b"

des.js@^1.0.0:
  version "1.0.0"
  resolved "https://registry.yarnpkg.com/des.js/-/des.js-1.0.0.tgz#c074d2e2aa6a8a9a07dbd61f9a15c2cd83ec8ecc"
  dependencies:
    inherits "^2.0.1"
    minimalistic-assert "^1.0.0"

diffie-hellman@^5.0.0:
  version "5.0.2"
  resolved "https://registry.yarnpkg.com/diffie-hellman/-/diffie-hellman-5.0.2.tgz#b5835739270cfe26acf632099fded2a07f209e5e"
  dependencies:
    bn.js "^4.1.0"
    miller-rabin "^4.0.0"
    randombytes "^2.0.0"

domain-browser@^1.1.7:
  version "1.1.7"
  resolved "https://registry.yarnpkg.com/domain-browser/-/domain-browser-1.1.7.tgz#867aa4b093faa05f1de08c06f4d7b21fdf8698bc"

elliptic@^6.0.0:
  version "6.4.0"
  resolved "https://registry.yarnpkg.com/elliptic/-/elliptic-6.4.0.tgz#cac9af8762c85836187003c8dfe193e5e2eae5df"
  dependencies:
    bn.js "^4.4.0"
    brorand "^1.0.1"
    hash.js "^1.0.0"
    hmac-drbg "^1.0.0"
    inherits "^2.0.1"
    minimalistic-assert "^1.0.0"
    minimalistic-crypto-utils "^1.0.0"

es3ify@^0.1.3:
  version "0.1.4"
  resolved "https://registry.yarnpkg.com/es3ify/-/es3ify-0.1.4.tgz#ad9fa5df1ae34f3f31e1211b5818b2d51078dfd1"
  dependencies:
    esprima-fb "~3001.0001.0000-dev-harmony-fb"
    jstransform "~3.0.0"
    through "~2.3.4"

esmangle-evaluator@^1.0.0:
  version "1.0.1"
  resolved "https://registry.yarnpkg.com/esmangle-evaluator/-/esmangle-evaluator-1.0.1.tgz#620d866ef4861b3311f75766d52a8572bb3c6336"

esprima-fb@~15001.1001.0-dev-harmony-fb:
  version "15001.1001.0-dev-harmony-fb"
  resolved "https://registry.yarnpkg.com/esprima-fb/-/esprima-fb-15001.1001.0-dev-harmony-fb.tgz#43beb57ec26e8cf237d3dd8b33e42533577f2659"

esprima-fb@~3001.0001.0000-dev-harmony-fb, esprima-fb@~3001.1.0-dev-harmony-fb:
  version "3001.1.0-dev-harmony-fb"
  resolved "https://registry.yarnpkg.com/esprima-fb/-/esprima-fb-3001.0001.0000-dev-harmony-fb.tgz#b77d37abcd38ea0b77426bb8bc2922ce6b426411"

events@^1.1.1:
  version "1.1.1"
  resolved "https://registry.yarnpkg.com/events/-/events-1.1.1.tgz#9ebdb7635ad099c70dcc4c2a1f5004288e8bd924"

evp_bytestokey@^1.0.0:
  version "1.0.0"
  resolved "https://registry.yarnpkg.com/evp_bytestokey/-/evp_bytestokey-1.0.0.tgz#497b66ad9fef65cd7c08a6180824ba1476b66e53"
  dependencies:
    create-hash "^1.1.1"

falafel@^1.0.1:
  version "1.2.0"
  resolved "https://registry.yarnpkg.com/falafel/-/falafel-1.2.0.tgz#c18d24ef5091174a497f318cd24b026a25cddab4"
  dependencies:
    acorn "^1.0.3"
    foreach "^2.0.5"
    isarray "0.0.1"
    object-keys "^1.0.6"

foreach@^2.0.5:
  version "2.0.5"
  resolved "https://registry.yarnpkg.com/foreach/-/foreach-2.0.5.tgz#0bee005018aeb260d0a3af3ae658dd0136ec1b99"

hash-base@^2.0.0:
  version "2.0.2"
  resolved "https://registry.yarnpkg.com/hash-base/-/hash-base-2.0.2.tgz#66ea1d856db4e8a5470cadf6fce23ae5244ef2e1"
  dependencies:
    inherits "^2.0.1"

hash.js@^1.0.0, hash.js@^1.0.3:
  version "1.1.3"
  resolved "https://registry.yarnpkg.com/hash.js/-/hash.js-1.1.3.tgz#340dedbe6290187151c1ea1d777a3448935df846"
  dependencies:
    inherits "^2.0.3"
    minimalistic-assert "^1.0.0"

hmac-drbg@^1.0.0:
  version "1.0.1"
  resolved "https://registry.yarnpkg.com/hmac-drbg/-/hmac-drbg-1.0.1.tgz#d2745701025a6c775a6c545793ed502fc0c649a1"
  dependencies:
    hash.js "^1.0.3"
    minimalistic-assert "^1.0.0"
    minimalistic-crypto-utils "^1.0.1"

http-browserify@^1.7.0:
  version "1.7.0"
  resolved "https://registry.yarnpkg.com/http-browserify/-/http-browserify-1.7.0.tgz#33795ade72df88acfbfd36773cefeda764735b20"
  dependencies:
    Base64 "~0.2.0"
    inherits "~2.0.1"

https-browserify@0.0.1:
  version "0.0.1"
  resolved "https://registry.yarnpkg.com/https-browserify/-/https-browserify-0.0.1.tgz#3f91365cabe60b77ed0ebba24b454e3e09d95a82"

ieee754@^1.1.4:
  version "1.1.8"
  resolved "https://registry.yarnpkg.com/ieee754/-/ieee754-1.1.8.tgz#be33d40ac10ef1926701f6f08a2d86fbfd1ad3e4"

immediate@~3.0.5:
  version "3.0.6"
  resolved "https://registry.yarnpkg.com/immediate/-/immediate-3.0.6.tgz#9db1dbd0faf8de6fbe0f5dd5e56bb606280de69b"

indexof@0.0.1:
  version "0.0.1"
  resolved "https://registry.yarnpkg.com/indexof/-/indexof-0.0.1.tgz#82dc336d232b9062179d05ab3293a66059fd435d"

inherits@2.0.1:
  version "2.0.1"
  resolved "https://registry.yarnpkg.com/inherits/-/inherits-2.0.1.tgz#b17d08d326b4423e568eff719f91b0b1cbdf69f1"

inherits@^2.0.1, inherits@^2.0.3, inherits@~2.0.1, inherits@~2.0.3:
  version "2.0.3"
  resolved "https://registry.yarnpkg.com/inherits/-/inherits-2.0.3.tgz#633c2c83e3da42a502f52466022480f4208261de"

inline-process-browser@^1.0.0:
  version "1.0.0"
  resolved "https://registry.yarnpkg.com/inline-process-browser/-/inline-process-browser-1.0.0.tgz#46a61b153dd3c9b1624b1a00626edb4f7f414f22"
  dependencies:
    falafel "^1.0.1"
    through2 "^0.6.5"

ionic-angular@^3.5.0:
  version "3.5.0"
  resolved "https://registry.yarnpkg.com/ionic-angular/-/ionic-angular-3.5.0.tgz#35bc13ea4f33d308c0c214276b51ae2ec4007bad"

ionic-plugin-keyboard@1.1.4:
  version "2.2.1"
  resolved "https://registry.yarnpkg.com/ionic-plugin-keyboard/-/ionic-plugin-keyboard-2.2.1.tgz#f2a9e169bbe9b5522400347c9fd6d3467ee3fa12"

isarray@0.0.1:
  version "0.0.1"
  resolved "https://registry.yarnpkg.com/isarray/-/isarray-0.0.1.tgz#8a18acfca9a8f4177e09abfc6038939b05d1eedf"

isarray@^1.0.0, isarray@~1.0.0:
  version "1.0.0"
  resolved "https://registry.yarnpkg.com/isarray/-/isarray-1.0.0.tgz#bb935d48582cba168c06834957a54a3e07124f11"

jstransform@~3.0.0:
  version "3.0.0"
  resolved "https://registry.yarnpkg.com/jstransform/-/jstransform-3.0.0.tgz#a2591ab6cee8d97bf3be830dbfa2313b87cd640b"
  dependencies:
    base62 "0.1.1"
    esprima-fb "~3001.1.0-dev-harmony-fb"
    source-map "0.1.31"

lie@3.0.2:
  version "3.0.2"
  resolved "https://registry.yarnpkg.com/lie/-/lie-3.0.2.tgz#ffda21d7bba26f377cad865d3649b2fc8ce39fea"
  dependencies:
    es3ify "^0.1.3"
    immediate "~3.0.5"
    inline-process-browser "^1.0.0"
    unreachable-branch-transform "^0.3.0"

localforage-cordovasqlitedriver@~1.5.0:
  version "1.5.0"
  resolved "https://registry.yarnpkg.com/localforage-cordovasqlitedriver/-/localforage-cordovasqlitedriver-1.5.0.tgz#f934789e6ad9a39bac05fdd1168812f438535762"
  dependencies:
    "@types/localforage" "0.0.30"
    localforage ">=1.4.0"

localforage@>=1.4.0:
  version "1.5.0"
  resolved "https://registry.yarnpkg.com/localforage/-/localforage-1.5.0.tgz#6b994e19b56611fa85df3992df397ac4ab66e815"
  dependencies:
    lie "3.0.2"

localforage@~1.4.2:
  version "1.4.3"
  resolved "https://registry.yarnpkg.com/localforage/-/localforage-1.4.3.tgz#a212543c39c7c76424edd12bf474c489aaca494c"
  dependencies:
    lie "3.0.2"

meteor-node-stubs@~0.2.4:
  version "0.2.11"
  resolved "https://registry.yarnpkg.com/meteor-node-stubs/-/meteor-node-stubs-0.2.11.tgz#715e4ec1ce888248b29604e16d092256b0cb7e34"
  dependencies:
    assert "^1.4.1"
    browserify-zlib "^0.1.4"
    buffer "^4.9.1"
    console-browserify "^1.1.0"
    constants-browserify "^1.0.0"
    crypto-browserify "^3.11.0"
    domain-browser "^1.1.7"
    events "^1.1.1"
    http-browserify "^1.7.0"
    https-browserify "0.0.1"
    os-browserify "^0.2.1"
    path-browserify "0.0.0"
    process "^0.11.9"
    punycode "^1.4.1"
    querystring-es3 "^0.2.1"
    readable-stream "git+https://github.com/meteor/readable-stream.git"
    stream-browserify "^2.0.1"
    string_decoder "^1.0.1"
    timers-browserify "^1.4.2"
    tty-browserify "0.0.0"
    url "^0.11.0"
    util "^0.10.3"
    vm-browserify "0.0.4"

meteor-rxjs@^0.4.7:
  version "0.4.7"
  resolved "https://registry.yarnpkg.com/meteor-rxjs/-/meteor-rxjs-0.4.7.tgz#5c206ec0fe384bfcd38536878e37fa2ea2ec0f5c"

meteor-typings@^1.4.1:
  version "1.4.1"
  resolved "https://registry.yarnpkg.com/meteor-typings/-/meteor-typings-1.4.1.tgz#7ef31d4f6f0e131af8e3d288ae88f11f07ae5659"

miller-rabin@^4.0.0:
  version "4.0.0"
  resolved "https://registry.yarnpkg.com/miller-rabin/-/miller-rabin-4.0.0.tgz#4a62fb1d42933c05583982f4c716f6fb9e6c6d3d"
  dependencies:
    bn.js "^4.0.0"
    brorand "^1.0.1"

minimalistic-assert@^1.0.0:
  version "1.0.0"
  resolved "https://registry.yarnpkg.com/minimalistic-assert/-/minimalistic-assert-1.0.0.tgz#702be2dda6b37f4836bcb3f5db56641b64a1d3d3"

minimalistic-crypto-utils@^1.0.0, minimalistic-crypto-utils@^1.0.1:
  version "1.0.1"
  resolved "https://registry.yarnpkg.com/minimalistic-crypto-utils/-/minimalistic-crypto-utils-1.0.1.tgz#f6c00c1c0b082246e5c4d99dfb8c7c083b2b582a"

minimist@0.0.8:
  version "0.0.8"
  resolved "https://registry.yarnpkg.com/minimist/-/minimist-0.0.8.tgz#857fcabfc3397d2625b8228262e86aa7a011b05d"

minimist@^1.2.0:
  version "1.2.0"
  resolved "https://registry.yarnpkg.com/minimist/-/minimist-1.2.0.tgz#a35008b20f41383eec1fb914f4cd5df79a264284"

mkdirp@^0.5.1:
  version "0.5.1"
  resolved "https://registry.yarnpkg.com/mkdirp/-/mkdirp-0.5.1.tgz#30057438eac6cf7f8c4767f38648d6697d75c903"
  dependencies:
    minimist "0.0.8"

object-keys@^1.0.6:
  version "1.0.11"
  resolved "https://registry.yarnpkg.com/object-keys/-/object-keys-1.0.11.tgz#c54601778ad560f1142ce0e01bcca8b56d13426d"

os-browserify@^0.2.1:
  version "0.2.1"
  resolved "https://registry.yarnpkg.com/os-browserify/-/os-browserify-0.2.1.tgz#63fc4ccee5d2d7763d26bbf8601078e6c2e0044f"

pako@~0.2.0:
  version "0.2.9"
  resolved "https://registry.yarnpkg.com/pako/-/pako-0.2.9.tgz#f3f7522f4ef782348da8161bad9ecfd51bf83a75"

parse-asn1@^5.0.0:
  version "5.1.0"
  resolved "https://registry.yarnpkg.com/parse-asn1/-/parse-asn1-5.1.0.tgz#37c4f9b7ed3ab65c74817b5f2480937fbf97c712"
  dependencies:
    asn1.js "^4.0.0"
    browserify-aes "^1.0.0"
    create-hash "^1.1.0"
    evp_bytestokey "^1.0.0"
    pbkdf2 "^3.0.3"

parse5@^3.0.1:
  version "3.0.2"
  resolved "https://registry.yarnpkg.com/parse5/-/parse5-3.0.2.tgz#05eff57f0ef4577fb144a79f8b9a967a6cc44510"
  dependencies:
    "@types/node" "^6.0.46"

path-browserify@0.0.0:
  version "0.0.0"
  resolved "https://registry.yarnpkg.com/path-browserify/-/path-browserify-0.0.0.tgz#a0b870729aae214005b7d5032ec2cbbb0fb4451a"

pbkdf2@^3.0.3:
  version "3.0.12"
  resolved "https://registry.yarnpkg.com/pbkdf2/-/pbkdf2-3.0.12.tgz#be36785c5067ea48d806ff923288c5f750b6b8a2"
  dependencies:
    create-hash "^1.1.2"
    create-hmac "^1.1.4"
    ripemd160 "^2.0.1"
    safe-buffer "^5.0.1"
    sha.js "^2.4.8"

private@~0.1.5:
  version "0.1.7"
  resolved "https://registry.yarnpkg.com/private/-/private-0.1.7.tgz#68ce5e8a1ef0a23bb570cc28537b5332aba63ef1"

process-nextick-args@~1.0.6:
  version "1.0.7"
  resolved "https://registry.yarnpkg.com/process-nextick-args/-/process-nextick-args-1.0.7.tgz#150e20b756590ad3f91093f25a4f2ad8bff30ba3"

process@^0.11.9, process@~0.11.0:
  version "0.11.10"
  resolved "https://registry.yarnpkg.com/process/-/process-0.11.10.tgz#7332300e840161bda3e69a1d1d91a7d4bc16f182"

public-encrypt@^4.0.0:
  version "4.0.0"
  resolved "https://registry.yarnpkg.com/public-encrypt/-/public-encrypt-4.0.0.tgz#39f699f3a46560dd5ebacbca693caf7c65c18cc6"
  dependencies:
    bn.js "^4.1.0"
    browserify-rsa "^4.0.0"
    create-hash "^1.1.0"
    parse-asn1 "^5.0.0"
    randombytes "^2.0.1"

punycode@1.3.2:
  version "1.3.2"
  resolved "https://registry.yarnpkg.com/punycode/-/punycode-1.3.2.tgz#9653a036fb7c1ee42342f2325cceefea3926c48d"

punycode@^1.4.1:
  version "1.4.1"
  resolved "https://registry.yarnpkg.com/punycode/-/punycode-1.4.1.tgz#c0d5a63b2718800ad8e1eb0fa5269c84dd41845e"

querystring-es3@^0.2.1:
  version "0.2.1"
  resolved "https://registry.yarnpkg.com/querystring-es3/-/querystring-es3-0.2.1.tgz#9ec61f79049875707d69414596fd907a4d711e73"

querystring@0.2.0:
  version "0.2.0"
  resolved "https://registry.yarnpkg.com/querystring/-/querystring-0.2.0.tgz#b209849203bb25df820da756e747005878521620"

randombytes@^2.0.0, randombytes@^2.0.1:
  version "2.0.5"
  resolved "https://registry.yarnpkg.com/randombytes/-/randombytes-2.0.5.tgz#dc009a246b8d09a177b4b7a0ae77bc570f4b1b79"
  dependencies:
    safe-buffer "^5.1.0"

"readable-stream@>=1.0.33-1 <1.1.0-0":
  version "1.0.34"
  resolved "https://registry.yarnpkg.com/readable-stream/-/readable-stream-1.0.34.tgz#125820e34bc842d2f2aaafafe4c2916ee32c157c"
  dependencies:
    core-util-is "~1.0.0"
    inherits "~2.0.1"
    isarray "0.0.1"
    string_decoder "~0.10.x"

readable-stream@^2.0.2:
  version "2.3.3"
  resolved "https://registry.yarnpkg.com/readable-stream/-/readable-stream-2.3.3.tgz#368f2512d79f9d46fdfc71349ae7878bbc1eb95c"
  dependencies:
    core-util-is "~1.0.0"
    inherits "~2.0.3"
    isarray "~1.0.0"
    process-nextick-args "~1.0.6"
    safe-buffer "~5.1.1"
    string_decoder "~1.0.3"
    util-deprecate "~1.0.1"

"readable-stream@git+https://github.com/meteor/readable-stream.git":
  version "2.2.10"
  resolved "git+https://github.com/meteor/readable-stream.git#2e9112d7d31a2af6e0682db0e18679b1e5fd4694"
  dependencies:
    inherits "~2.0.1"
    isarray "~1.0.0"
    process-nextick-args "~1.0.6"
    safe-buffer "^5.0.1"
    string_decoder "~1.0.0"
    util-deprecate "~1.0.1"

recast@^0.10.1:
  version "0.10.43"
  resolved "https://registry.yarnpkg.com/recast/-/recast-0.10.43.tgz#b95d50f6d60761a5f6252e15d80678168491ce7f"
  dependencies:
    ast-types "0.8.15"
    esprima-fb "~15001.1001.0-dev-harmony-fb"
    private "~0.1.5"
    source-map "~0.5.0"

reflect-metadata@^0.1.10, reflect-metadata@^0.1.2:
  version "0.1.10"
  resolved "https://registry.yarnpkg.com/reflect-metadata/-/reflect-metadata-0.1.10.tgz#b4f83704416acad89988c9b15635d47e03b9344a"

regenerator-runtime@^0.10.0:
  version "0.10.5"
  resolved "https://registry.yarnpkg.com/regenerator-runtime/-/regenerator-runtime-0.10.5.tgz#336c3efc1220adcedda2c9fab67b5a7955a33658"

ripemd160@^2.0.0, ripemd160@^2.0.1:
  version "2.0.1"
  resolved "https://registry.yarnpkg.com/ripemd160/-/ripemd160-2.0.1.tgz#0f4584295c53a3628af7e6d79aca21ce57d1c6e7"
  dependencies:
    hash-base "^2.0.0"
    inherits "^2.0.1"

rxjs@^5.4.1:
  version "5.4.1"
  resolved "https://registry.yarnpkg.com/rxjs/-/rxjs-5.4.1.tgz#b62f757f279445d265a18a58fb0a70dc90e91626"
  dependencies:
    symbol-observable "^1.0.1"

safe-buffer@^5.0.1, safe-buffer@^5.1.0, safe-buffer@~5.1.0, safe-buffer@~5.1.1:
  version "5.1.1"
  resolved "https://registry.yarnpkg.com/safe-buffer/-/safe-buffer-5.1.1.tgz#893312af69b2123def71f57889001671eeb2c853"

sha.js@^2.4.0, sha.js@^2.4.8:
  version "2.4.8"
  resolved "https://registry.yarnpkg.com/sha.js/-/sha.js-2.4.8.tgz#37068c2c476b6baf402d14a49c67f597921f634f"
  dependencies:
    inherits "^2.0.1"

source-map-support@^0.4.2:
  version "0.4.15"
  resolved "https://registry.yarnpkg.com/source-map-support/-/source-map-support-0.4.15.tgz#03202df65c06d2bd8c7ec2362a193056fef8d3b1"
  dependencies:
    source-map "^0.5.6"

source-map@0.1.31:
  version "0.1.31"
  resolved "https://registry.yarnpkg.com/source-map/-/source-map-0.1.31.tgz#9f704d0d69d9e138a81badf6ebb4fde33d151c61"
  dependencies:
    amdefine ">=0.0.4"

source-map@^0.5.6, source-map@~0.5.0:
  version "0.5.6"
  resolved "https://registry.yarnpkg.com/source-map/-/source-map-0.5.6.tgz#75ce38f52bf0733c5a7f0c118d81334a2bb5f412"

stream-browserify@^2.0.1:
  version "2.0.1"
  resolved "https://registry.yarnpkg.com/stream-browserify/-/stream-browserify-2.0.1.tgz#66266ee5f9bdb9940a4e4514cafb43bb71e5c9db"
  dependencies:
    inherits "~2.0.1"
    readable-stream "^2.0.2"

string_decoder@^1.0.1, string_decoder@~1.0.0, string_decoder@~1.0.3:
  version "1.0.3"
  resolved "https://registry.yarnpkg.com/string_decoder/-/string_decoder-1.0.3.tgz#0fc67d7c141825de94282dd536bec6b9bce860ab"
  dependencies:
    safe-buffer "~5.1.0"

string_decoder@~0.10.x:
  version "0.10.31"
  resolved "https://registry.yarnpkg.com/string_decoder/-/string_decoder-0.10.31.tgz#62e203bc41766c6c28c9fc84301dab1c5310fa94"

symbol-observable@^1.0.1:
  version "1.0.4"
  resolved "https://registry.yarnpkg.com/symbol-observable/-/symbol-observable-1.0.4.tgz#29bf615d4aa7121bdd898b22d4b3f9bc4e2aa03d"

through2@^0.6.2, through2@^0.6.5:
  version "0.6.5"
  resolved "https://registry.yarnpkg.com/through2/-/through2-0.6.5.tgz#41ab9c67b29d57209071410e1d7a7a968cd3ad48"
  dependencies:
    readable-stream ">=1.0.33-1 <1.1.0-0"
    xtend ">=4.0.0 <4.1.0-0"

through@~2.3.4:
  version "2.3.8"
  resolved "https://registry.yarnpkg.com/through/-/through-2.3.8.tgz#0dd4c9ffaabc357960b1b724115d7e0e86a2e1f5"

timers-browserify@^1.4.2:
  version "1.4.2"
  resolved "https://registry.yarnpkg.com/timers-browserify/-/timers-browserify-1.4.2.tgz#c9c58b575be8407375cb5e2462dacee74359f41d"
  dependencies:
    process "~0.11.0"

tsickle@^0.21.0:
  version "0.21.6"
  resolved "https://registry.yarnpkg.com/tsickle/-/tsickle-0.21.6.tgz#53b01b979c5c13fdb13afb3fb958177e5991588d"
  dependencies:
    minimist "^1.2.0"
    mkdirp "^0.5.1"
    source-map "^0.5.6"
    source-map-support "^0.4.2"

tslib@^1.7.1:
  version "1.7.1"
  resolved "https://registry.yarnpkg.com/tslib/-/tslib-1.7.1.tgz#bc8004164691923a79fe8378bbeb3da2017538ec"

tty-browserify@0.0.0:
  version "0.0.0"
  resolved "https://registry.yarnpkg.com/tty-browserify/-/tty-browserify-0.0.0.tgz#a157ba402da24e9bf957f9aa69d524eed42901a6"

unreachable-branch-transform@^0.3.0:
  version "0.3.0"
  resolved "https://registry.yarnpkg.com/unreachable-branch-transform/-/unreachable-branch-transform-0.3.0.tgz#d99cc4c6e746d264928845b611db54b0f3474caa"
  dependencies:
    esmangle-evaluator "^1.0.0"
    recast "^0.10.1"
    through2 "^0.6.2"

url@^0.11.0:
  version "0.11.0"
  resolved "https://registry.yarnpkg.com/url/-/url-0.11.0.tgz#3838e97cfc60521eb73c525a8e55bfdd9e2e28f1"
  dependencies:
    punycode "1.3.2"
    querystring "0.2.0"

util-deprecate@~1.0.1:
  version "1.0.2"
  resolved "https://registry.yarnpkg.com/util-deprecate/-/util-deprecate-1.0.2.tgz#450d4dc9fa70de732762fbd2d4a28981419a0ccf"

util@0.10.3, util@^0.10.3:
  version "0.10.3"
  resolved "https://registry.yarnpkg.com/util/-/util-0.10.3.tgz#7afb1afe50805246489e3db7fe0ed379336ac0f9"
  dependencies:
    inherits "2.0.1"

vm-browserify@0.0.4:
  version "0.0.4"
  resolved "https://registry.yarnpkg.com/vm-browserify/-/vm-browserify-0.0.4.tgz#5d7ea45bbef9e4a6ff65f95438e0a87c357d5a73"
  dependencies:
    indexof "0.0.1"

xhr2@^0.1.4:
  version "0.1.4"
  resolved "https://registry.yarnpkg.com/xhr2/-/xhr2-0.1.4.tgz#7f87658847716db5026323812f818cadab387a5f"

"xtend@>=4.0.0 <4.1.0-0":
  version "4.0.1"
  resolved "https://registry.yarnpkg.com/xtend/-/xtend-4.0.1.tgz#a5c6d532be656e23db820efb943a1f04998d63af"

zone.js@^0.8.12:
  version "0.8.12"
  resolved "https://registry.yarnpkg.com/zone.js/-/zone.js-0.8.12.tgz#86ff5053c98aec291a0bf4bbac501d694a05cfbb"
